
Microsoft Visual Studio Solution File, Format Version 12.00
# Visual Studio Version 16
VisualStudioVersion = 16.0.30413.136
MinimumVisualStudioVersion = 10.0.40219.1
Project("{FAE04EC0-301F-11D3-BF4B-00C04F79EFBC}") = "Zadanie3", "Zadanie3\Zadanie3.csproj", "{C507D69C-84A4-4D44-8A0C-2AEF0C1724DE}"
EndProject
Global
	GlobalSection(SolutionConfigurationPlatforms) = preSolution
		Debug|Any CPU = Debug|Any CPU
		Release|Any CPU = Release|Any CPU
	EndGlobalSection
	GlobalSection(ProjectConfigurationPlatforms) = postSolution
		{C507D69C-84A4-4D44-8A0C-2AEF0C1724DE}.Debug|Any CPU.ActiveCfg = Debug|Any CPU
		{C507D69C-84A4-4D44-8A0C-2AEF0C1724DE}.Debug|Any CPU.Build.0 = Debug|Any CPU
		{C507D69C-84A4-4D44-8A0C-2AEF0C1724DE}.Release|Any CPU.ActiveCfg = Release|Any CPU
		{C507D69C-84A4-4D44-8A0C-2AEF0C1724DE}.Release|Any CPU.Build.0 = Release|Any CPU
	EndGlobalSection
	GlobalSection(SolutionProperties) = preSolution
		HideSolutionNode = FALSE
	EndGlobalSection
	GlobalSection(ExtensibilityGlobals) = postSolution
		SolutionGuid = {9D9AB754-98F3-4585-8AA3-BBD942137133}
	EndGlobalSection
EndGlobal
